
Microsoft Visual Studio Solution File, Format Version 12.00
# Visual Studio Version 17
VisualStudioVersion = 17.6.33815.320
MinimumVisualStudioVersion = 10.0.40219.1
Project("{FAE04EC0-301F-11D3-BF4B-00C04F79EFBC}") = "MICustomApplications.Consumer", "MICustomApplications.Consumer\MICustomApplications.Consumer.csproj", "{FD3C54C3-E6C9-4F32-9FC1-A351E118227B}"
EndProject
Project("{FAE04EC0-301F-11D3-BF4B-00C04F79EFBC}") = "MICustomApplications.Provider", "MICustomApplications.Provider\MICustomApplications.Provider.csproj", "{7574C12A-D2D3-4D59-BDEF-F97811699989}"
EndProject
Global
	GlobalSection(SolutionConfigurationPlatforms) = preSolution
		Debug|Any CPU = Debug|Any CPU
		Release|Any CPU = Release|Any CPU
	EndGlobalSection
	GlobalSection(ProjectConfigurationPlatforms) = postSolution
		{FD3C54C3-E6C9-4F32-9FC1-A351E118227B}.Debug|Any CPU.ActiveCfg = Debug|Any CPU
		{FD3C54C3-E6C9-4F32-9FC1-A351E118227B}.Debug|Any CPU.Build.0 = Debug|Any CPU
		{FD3C54C3-E6C9-4F32-9FC1-A351E118227B}.Release|Any CPU.ActiveCfg = Release|Any CPU
		{FD3C54C3-E6C9-4F32-9FC1-A351E118227B}.Release|Any CPU.Build.0 = Release|Any CPU
		{7574C12A-D2D3-4D59-BDEF-F97811699989}.Debug|Any CPU.ActiveCfg = Debug|Any CPU
		{7574C12A-D2D3-4D59-BDEF-F97811699989}.Debug|Any CPU.Build.0 = Debug|Any CPU
		{7574C12A-D2D3-4D59-BDEF-F97811699989}.Release|Any CPU.ActiveCfg = Release|Any CPU
		{7574C12A-D2D3-4D59-BDEF-F97811699989}.Release|Any CPU.Build.0 = Release|Any CPU
	EndGlobalSection
	GlobalSection(SolutionProperties) = preSolution
		HideSolutionNode = FALSE
	EndGlobalSection
	GlobalSection(ExtensibilityGlobals) = postSolution
		SolutionGuid = {47148541-645F-44E6-B8A9-F101DDC36FF4}
	EndGlobalSection
EndGlobal
