
Microsoft Visual Studio Solution File, Format Version 12.00
# Visual Studio Version 16
VisualStudioVersion = 16.0.32407.337
MinimumVisualStudioVersion = 10.0.40219.1
Project("{FAE04EC0-301F-11D3-BF4B-00C04F79EFBC}") = "PiaSys.LobFunction", "PiaSys.LobFunction.csproj", "{53F59D2F-8003-49B0-8116-B8C189D83288}"
EndProject
Global
	GlobalSection(SolutionConfigurationPlatforms) = preSolution
		Debug|Any CPU = Debug|Any CPU
		Release|Any CPU = Release|Any CPU
	EndGlobalSection
	GlobalSection(ProjectConfigurationPlatforms) = postSolution
		{53F59D2F-8003-49B0-8116-B8C189D83288}.Debug|Any CPU.ActiveCfg = Debug|Any CPU
		{53F59D2F-8003-49B0-8116-B8C189D83288}.Debug|Any CPU.Build.0 = Debug|Any CPU
		{53F59D2F-8003-49B0-8116-B8C189D83288}.Release|Any CPU.ActiveCfg = Release|Any CPU
		{53F59D2F-8003-49B0-8116-B8C189D83288}.Release|Any CPU.Build.0 = Release|Any CPU
	EndGlobalSection
	GlobalSection(SolutionProperties) = preSolution
		HideSolutionNode = FALSE
	EndGlobalSection
	GlobalSection(ExtensibilityGlobals) = postSolution
		SolutionGuid = {4F5B658A-5E82-422B-B23F-6D2D56BBE92D}
	EndGlobalSection
EndGlobal
