
Microsoft Visual Studio Solution File, Format Version 12.00
# Visual Studio Version 17
VisualStudioVersion = 17.6.33815.320
MinimumVisualStudioVersion = 10.0.40219.1
Project("{FAE04EC0-301F-11D3-BF4B-00C04F79EFBC}") = "MIMicrosoftGraphFunction", "MIMicrosoftGraphFunction.csproj", "{884BF030-18B0-4D7E-A5E5-7156DCDC5122}"
EndProject
Global
	GlobalSection(SolutionConfigurationPlatforms) = preSolution
		Debug|Any CPU = Debug|Any CPU
		Release|Any CPU = Release|Any CPU
	EndGlobalSection
	GlobalSection(ProjectConfigurationPlatforms) = postSolution
		{884BF030-18B0-4D7E-A5E5-7156DCDC5122}.Debug|Any CPU.ActiveCfg = Debug|Any CPU
		{884BF030-18B0-4D7E-A5E5-7156DCDC5122}.Debug|Any CPU.Build.0 = Debug|Any CPU
		{884BF030-18B0-4D7E-A5E5-7156DCDC5122}.Release|Any CPU.ActiveCfg = Release|Any CPU
		{884BF030-18B0-4D7E-A5E5-7156DCDC5122}.Release|Any CPU.Build.0 = Release|Any CPU
	EndGlobalSection
	GlobalSection(SolutionProperties) = preSolution
		HideSolutionNode = FALSE
	EndGlobalSection
	GlobalSection(ExtensibilityGlobals) = postSolution
		SolutionGuid = {DADD4E85-F6E5-4A5B-A218-9DE1F5645792}
	EndGlobalSection
EndGlobal
