
Microsoft Visual Studio Solution File, Format Version 12.00
# Visual Studio Version 16
VisualStudioVersion = 16.0.31424.327
MinimumVisualStudioVersion = 10.0.40219.1
Project("{FAE04EC0-301F-11D3-BF4B-00C04F79EFBC}") = "MSGraphSDKNotifications", "MSGraphSDKNotifications.csproj", "{950C9732-5EF4-46E3-BFA6-E541763B501A}"
EndProject
Global
	GlobalSection(SolutionConfigurationPlatforms) = preSolution
		Debug|Any CPU = Debug|Any CPU
		Release|Any CPU = Release|Any CPU
	EndGlobalSection
	GlobalSection(ProjectConfigurationPlatforms) = postSolution
		{950C9732-5EF4-46E3-BFA6-E541763B501A}.Debug|Any CPU.ActiveCfg = Debug|Any CPU
		{950C9732-5EF4-46E3-BFA6-E541763B501A}.Debug|Any CPU.Build.0 = Debug|Any CPU
		{950C9732-5EF4-46E3-BFA6-E541763B501A}.Release|Any CPU.ActiveCfg = Release|Any CPU
		{950C9732-5EF4-46E3-BFA6-E541763B501A}.Release|Any CPU.Build.0 = Release|Any CPU
	EndGlobalSection
	GlobalSection(SolutionProperties) = preSolution
		HideSolutionNode = FALSE
	EndGlobalSection
	GlobalSection(ExtensibilityGlobals) = postSolution
		SolutionGuid = {2631B3BF-0161-4A81-9350-16B43F4CBC14}
	EndGlobalSection
EndGlobal
