
Microsoft Visual Studio Solution File, Format Version 12.00
# Visual Studio Version 16
VisualStudioVersion = 16.0.30907.101
MinimumVisualStudioVersion = 10.0.40219.1
Project("{FAE04EC0-301F-11D3-BF4B-00C04F79EFBC}") = "PnPCoreSDK-Hello-World", "PnPCoreSDK-Hello-World.csproj", "{F201511B-147D-43CF-B2DD-E7C8C1235591}"
EndProject
Global
	GlobalSection(SolutionConfigurationPlatforms) = preSolution
		Debug|Any CPU = Debug|Any CPU
		Release|Any CPU = Release|Any CPU
	EndGlobalSection
	GlobalSection(ProjectConfigurationPlatforms) = postSolution
		{F201511B-147D-43CF-B2DD-E7C8C1235591}.Debug|Any CPU.ActiveCfg = Debug|Any CPU
		{F201511B-147D-43CF-B2DD-E7C8C1235591}.Debug|Any CPU.Build.0 = Debug|Any CPU
		{F201511B-147D-43CF-B2DD-E7C8C1235591}.Release|Any CPU.ActiveCfg = Release|Any CPU
		{F201511B-147D-43CF-B2DD-E7C8C1235591}.Release|Any CPU.Build.0 = Release|Any CPU
	EndGlobalSection
	GlobalSection(SolutionProperties) = preSolution
		HideSolutionNode = FALSE
	EndGlobalSection
	GlobalSection(ExtensibilityGlobals) = postSolution
		SolutionGuid = {D4EA5B6B-1F7B-49EE-BA10-C1EE946972C7}
	EndGlobalSection
EndGlobal
