
Microsoft Visual Studio Solution File, Format Version 12.00
# Visual Studio Version 17
VisualStudioVersion = 17.6.33815.320
MinimumVisualStudioVersion = 10.0.40219.1
Project("{FAE04EC0-301F-11D3-BF4B-00C04F79EFBC}") = "WebApplicationAuthorizationCodeFlow", "WebApplicationAuthorizationCodeFlow.csproj", "{65575AFD-A6FE-4866-8827-E54CC490D382}"
EndProject
Global
	GlobalSection(SolutionConfigurationPlatforms) = preSolution
		Debug|Any CPU = Debug|Any CPU
		Release|Any CPU = Release|Any CPU
	EndGlobalSection
	GlobalSection(ProjectConfigurationPlatforms) = postSolution
		{65575AFD-A6FE-4866-8827-E54CC490D382}.Debug|Any CPU.ActiveCfg = Debug|Any CPU
		{65575AFD-A6FE-4866-8827-E54CC490D382}.Debug|Any CPU.Build.0 = Debug|Any CPU
		{65575AFD-A6FE-4866-8827-E54CC490D382}.Release|Any CPU.ActiveCfg = Release|Any CPU
		{65575AFD-A6FE-4866-8827-E54CC490D382}.Release|Any CPU.Build.0 = Release|Any CPU
	EndGlobalSection
	GlobalSection(SolutionProperties) = preSolution
		HideSolutionNode = FALSE
	EndGlobalSection
	GlobalSection(ExtensibilityGlobals) = postSolution
		SolutionGuid = {DC443A37-3CEE-45D7-B5C7-243FF2DCEAB6}
	EndGlobalSection
EndGlobal
