
Microsoft Visual Studio Solution File, Format Version 12.00
# Visual Studio Version 16
VisualStudioVersion = 16.0.30907.101
MinimumVisualStudioVersion = 10.0.40219.1
Project("{FAE04EC0-301F-11D3-BF4B-00C04F79EFBC}") = "Graph-Register-App", "Graph-Register-App.csproj", "{B5932BD9-42BF-4FA5-8912-4D54442D55BC}"
EndProject
Global
	GlobalSection(SolutionConfigurationPlatforms) = preSolution
		Debug|Any CPU = Debug|Any CPU
		Release|Any CPU = Release|Any CPU
	EndGlobalSection
	GlobalSection(ProjectConfigurationPlatforms) = postSolution
		{B5932BD9-42BF-4FA5-8912-4D54442D55BC}.Debug|Any CPU.ActiveCfg = Debug|Any CPU
		{B5932BD9-42BF-4FA5-8912-4D54442D55BC}.Debug|Any CPU.Build.0 = Debug|Any CPU
		{B5932BD9-42BF-4FA5-8912-4D54442D55BC}.Release|Any CPU.ActiveCfg = Release|Any CPU
		{B5932BD9-42BF-4FA5-8912-4D54442D55BC}.Release|Any CPU.Build.0 = Release|Any CPU
	EndGlobalSection
	GlobalSection(SolutionProperties) = preSolution
		HideSolutionNode = FALSE
	EndGlobalSection
	GlobalSection(ExtensibilityGlobals) = postSolution
		SolutionGuid = {A741502A-8604-4CAF-B159-3ACF940B8456}
	EndGlobalSection
EndGlobal
