
Microsoft Visual Studio Solution File, Format Version 12.00
# Visual Studio Version 17
VisualStudioVersion = 17.6.33829.357
MinimumVisualStudioVersion = 10.0.40219.1
Project("{FAE04EC0-301F-11D3-BF4B-00C04F79EFBC}") = "MSGraphSDK5Demos", "MSGraphSDK5Demos.csproj", "{700869C0-67A5-4345-B466-EF10B05F9BB8}"
EndProject
Global
	GlobalSection(SolutionConfigurationPlatforms) = preSolution
		Debug|Any CPU = Debug|Any CPU
		Release|Any CPU = Release|Any CPU
	EndGlobalSection
	GlobalSection(ProjectConfigurationPlatforms) = postSolution
		{700869C0-67A5-4345-B466-EF10B05F9BB8}.Debug|Any CPU.ActiveCfg = Debug|Any CPU
		{700869C0-67A5-4345-B466-EF10B05F9BB8}.Debug|Any CPU.Build.0 = Debug|Any CPU
		{700869C0-67A5-4345-B466-EF10B05F9BB8}.Release|Any CPU.ActiveCfg = Release|Any CPU
		{700869C0-67A5-4345-B466-EF10B05F9BB8}.Release|Any CPU.Build.0 = Release|Any CPU
	EndGlobalSection
	GlobalSection(SolutionProperties) = preSolution
		HideSolutionNode = FALSE
	EndGlobalSection
	GlobalSection(ExtensibilityGlobals) = postSolution
		SolutionGuid = {50E3D6AA-567B-4972-8DA9-5BAD946C4747}
	EndGlobalSection
EndGlobal
