
Microsoft Visual Studio Solution File, Format Version 12.00
# Visual Studio Version 16
VisualStudioVersion = 16.0.30804.86
MinimumVisualStudioVersion = 10.0.40219.1
Project("{FAE04EC0-301F-11D3-BF4B-00C04F79EFBC}") = "MSGraphSDKDemo", "MSGraphSDKDemo.csproj", "{D5B6CA14-F66B-4DA0-B00F-B9333C25BD6B}"
EndProject
Global
	GlobalSection(SolutionConfigurationPlatforms) = preSolution
		Debug|Any CPU = Debug|Any CPU
		Release|Any CPU = Release|Any CPU
	EndGlobalSection
	GlobalSection(ProjectConfigurationPlatforms) = postSolution
		{D5B6CA14-F66B-4DA0-B00F-B9333C25BD6B}.Debug|Any CPU.ActiveCfg = Debug|Any CPU
		{D5B6CA14-F66B-4DA0-B00F-B9333C25BD6B}.Debug|Any CPU.Build.0 = Debug|Any CPU
		{D5B6CA14-F66B-4DA0-B00F-B9333C25BD6B}.Release|Any CPU.ActiveCfg = Release|Any CPU
		{D5B6CA14-F66B-4DA0-B00F-B9333C25BD6B}.Release|Any CPU.Build.0 = Release|Any CPU
	EndGlobalSection
	GlobalSection(SolutionProperties) = preSolution
		HideSolutionNode = FALSE
	EndGlobalSection
	GlobalSection(ExtensibilityGlobals) = postSolution
		SolutionGuid = {96FE4AFE-0A02-4C52-9A84-AB14B3052416}
	EndGlobalSection
EndGlobal
