
Microsoft Visual Studio Solution File, Format Version 12.00
# Visual Studio Version 17
VisualStudioVersion = 17.4.33403.182
MinimumVisualStudioVersion = 10.0.40219.1
Project("{9A19103F-16F7-4668-BE54-9A1E7A4F7556}") = "MSGraph-VSCode", "MSGraph-VSCode.csproj", "{292F4335-13AE-4E8A-8DC1-3E0C7489222A}"
EndProject
Global
	GlobalSection(SolutionConfigurationPlatforms) = preSolution
		Debug|Any CPU = Debug|Any CPU
		Release|Any CPU = Release|Any CPU
	EndGlobalSection
	GlobalSection(ProjectConfigurationPlatforms) = postSolution
		{292F4335-13AE-4E8A-8DC1-3E0C7489222A}.Debug|Any CPU.ActiveCfg = Debug|Any CPU
		{292F4335-13AE-4E8A-8DC1-3E0C7489222A}.Debug|Any CPU.Build.0 = Debug|Any CPU
		{292F4335-13AE-4E8A-8DC1-3E0C7489222A}.Release|Any CPU.ActiveCfg = Release|Any CPU
		{292F4335-13AE-4E8A-8DC1-3E0C7489222A}.Release|Any CPU.Build.0 = Release|Any CPU
	EndGlobalSection
	GlobalSection(SolutionProperties) = preSolution
		HideSolutionNode = FALSE
	EndGlobalSection
	GlobalSection(ExtensibilityGlobals) = postSolution
		SolutionGuid = {D676D9B7-7375-49C1-A283-9274D7BFAB66}
	EndGlobalSection
EndGlobal
