
Microsoft Visual Studio Solution File, Format Version 12.00
# Visual Studio Version 16
VisualStudioVersion = 16.0.30517.126
MinimumVisualStudioVersion = 10.0.40219.1
Project("{FAE04EC0-301F-11D3-BF4B-00C04F79EFBC}") = "MSALPublicClientDemo", "MSALPublicClientDemo\MSALPublicClientDemo.csproj", "{022CF9EB-7A82-4B9F-BC54-E01570AF7B6F}"
EndProject
Global
	GlobalSection(SolutionConfigurationPlatforms) = preSolution
		Debug|Any CPU = Debug|Any CPU
		Release|Any CPU = Release|Any CPU
	EndGlobalSection
	GlobalSection(ProjectConfigurationPlatforms) = postSolution
		{022CF9EB-7A82-4B9F-BC54-E01570AF7B6F}.Debug|Any CPU.ActiveCfg = Debug|Any CPU
		{022CF9EB-7A82-4B9F-BC54-E01570AF7B6F}.Debug|Any CPU.Build.0 = Debug|Any CPU
		{022CF9EB-7A82-4B9F-BC54-E01570AF7B6F}.Release|Any CPU.ActiveCfg = Release|Any CPU
		{022CF9EB-7A82-4B9F-BC54-E01570AF7B6F}.Release|Any CPU.Build.0 = Release|Any CPU
	EndGlobalSection
	GlobalSection(SolutionProperties) = preSolution
		HideSolutionNode = FALSE
	EndGlobalSection
	GlobalSection(ExtensibilityGlobals) = postSolution
		SolutionGuid = {2DA959F3-9324-4DC0-8769-CA076D9F1ED0}
	EndGlobalSection
EndGlobal
