
Microsoft Visual Studio Solution File, Format Version 12.00
# Visual Studio Version 16
VisualStudioVersion = 16.0.30517.126
MinimumVisualStudioVersion = 10.0.40219.1
Project("{FAE04EC0-301F-11D3-BF4B-00C04F79EFBC}") = "MSALConfidentialClientDemo", "MSALConfidentialClientDemo.csproj", "{3A200B84-2C22-4BE6-9555-3838BE9EBE87}"
EndProject
Global
	GlobalSection(SolutionConfigurationPlatforms) = preSolution
		Debug|Any CPU = Debug|Any CPU
		Release|Any CPU = Release|Any CPU
	EndGlobalSection
	GlobalSection(ProjectConfigurationPlatforms) = postSolution
		{3A200B84-2C22-4BE6-9555-3838BE9EBE87}.Debug|Any CPU.ActiveCfg = Debug|Any CPU
		{3A200B84-2C22-4BE6-9555-3838BE9EBE87}.Debug|Any CPU.Build.0 = Debug|Any CPU
		{3A200B84-2C22-4BE6-9555-3838BE9EBE87}.Release|Any CPU.ActiveCfg = Release|Any CPU
		{3A200B84-2C22-4BE6-9555-3838BE9EBE87}.Release|Any CPU.Build.0 = Release|Any CPU
	EndGlobalSection
	GlobalSection(SolutionProperties) = preSolution
		HideSolutionNode = FALSE
	EndGlobalSection
	GlobalSection(ExtensibilityGlobals) = postSolution
		SolutionGuid = {3AD369F6-06E1-4619-A1B6-B6363CDC15CD}
	EndGlobalSection
EndGlobal
