
Microsoft Visual Studio Solution File, Format Version 12.00
# Visual Studio Version 16
VisualStudioVersion = 16.0.30611.23
MinimumVisualStudioVersion = 10.0.40219.1
Project("{FAE04EC0-301F-11D3-BF4B-00C04F79EFBC}") = "PiaSys.Team.Provisioning", "PiaSys.Team.Provisioning.csproj", "{5EED29BB-1A69-4D28-8745-9D2A74C98AAA}"
EndProject
Global
	GlobalSection(SolutionConfigurationPlatforms) = preSolution
		Debug|Any CPU = Debug|Any CPU
		Release|Any CPU = Release|Any CPU
	EndGlobalSection
	GlobalSection(ProjectConfigurationPlatforms) = postSolution
		{5EED29BB-1A69-4D28-8745-9D2A74C98AAA}.Debug|Any CPU.ActiveCfg = Debug|Any CPU
		{5EED29BB-1A69-4D28-8745-9D2A74C98AAA}.Debug|Any CPU.Build.0 = Debug|Any CPU
		{5EED29BB-1A69-4D28-8745-9D2A74C98AAA}.Release|Any CPU.ActiveCfg = Release|Any CPU
		{5EED29BB-1A69-4D28-8745-9D2A74C98AAA}.Release|Any CPU.Build.0 = Release|Any CPU
	EndGlobalSection
	GlobalSection(SolutionProperties) = preSolution
		HideSolutionNode = FALSE
	EndGlobalSection
	GlobalSection(ExtensibilityGlobals) = postSolution
		SolutionGuid = {CE1BB7D1-F175-46A3-83D6-81BCAE835DAD}
	EndGlobalSection
EndGlobal
