
Microsoft Visual Studio Solution File, Format Version 12.00
# Visual Studio Version 16
VisualStudioVersion = 16.0.30804.86
MinimumVisualStudioVersion = 10.0.40219.1
Project("{FAE04EC0-301F-11D3-BF4B-00C04F79EFBC}") = "PiaSys.YoTeamsSSO.Backend", "PiaSys.YoTeamsSSO.Backend.csproj", "{DFD73AF2-64FF-4FB8-B759-CCEA980D69EF}"
EndProject
Global
	GlobalSection(SolutionConfigurationPlatforms) = preSolution
		Debug|Any CPU = Debug|Any CPU
		Release|Any CPU = Release|Any CPU
	EndGlobalSection
	GlobalSection(ProjectConfigurationPlatforms) = postSolution
		{DFD73AF2-64FF-4FB8-B759-CCEA980D69EF}.Debug|Any CPU.ActiveCfg = Debug|Any CPU
		{DFD73AF2-64FF-4FB8-B759-CCEA980D69EF}.Debug|Any CPU.Build.0 = Debug|Any CPU
		{DFD73AF2-64FF-4FB8-B759-CCEA980D69EF}.Release|Any CPU.ActiveCfg = Release|Any CPU
		{DFD73AF2-64FF-4FB8-B759-CCEA980D69EF}.Release|Any CPU.Build.0 = Release|Any CPU
	EndGlobalSection
	GlobalSection(SolutionProperties) = preSolution
		HideSolutionNode = FALSE
	EndGlobalSection
	GlobalSection(ExtensibilityGlobals) = postSolution
		SolutionGuid = {273DE4D1-07A6-4E57-8D7E-461A46AC0D73}
	EndGlobalSection
EndGlobal
